
Microsoft Visual Studio Solution File, Format Version 12.00
# Visual Studio Version 17
VisualStudioVersion = 17.3.32929.385
MinimumVisualStudioVersion = 10.0.40219.1
Project("{FAE04EC0-301F-11D3-BF4B-00C04F79EFBC}") = "minimalwebapi", "minimalwebapi\minimalwebapi.csproj", "{B40D1373-5A6D-4E23-8110-E4C9C6127EEF}"
EndProject
Project("{FAE04EC0-301F-11D3-BF4B-00C04F79EFBC}") = "calculateFunction", "calculateFunction\calculateFunction.csproj", "{09EF9525-24B5-4FBE-A197-5AB3BB0FDEF1}"
EndProject
Global
	GlobalSection(SolutionConfigurationPlatforms) = preSolution
		Debug|Any CPU = Debug|Any CPU
		Release|Any CPU = Release|Any CPU
	EndGlobalSection
	GlobalSection(ProjectConfigurationPlatforms) = postSolution
		{B40D1373-5A6D-4E23-8110-E4C9C6127EEF}.Debug|Any CPU.ActiveCfg = Debug|Any CPU
		{B40D1373-5A6D-4E23-8110-E4C9C6127EEF}.Debug|Any CPU.Build.0 = Debug|Any CPU
		{B40D1373-5A6D-4E23-8110-E4C9C6127EEF}.Release|Any CPU.ActiveCfg = Release|Any CPU
		{B40D1373-5A6D-4E23-8110-E4C9C6127EEF}.Release|Any CPU.Build.0 = Release|Any CPU
		{09EF9525-24B5-4FBE-A197-5AB3BB0FDEF1}.Debug|Any CPU.ActiveCfg = Debug|Any CPU
		{09EF9525-24B5-4FBE-A197-5AB3BB0FDEF1}.Debug|Any CPU.Build.0 = Debug|Any CPU
		{09EF9525-24B5-4FBE-A197-5AB3BB0FDEF1}.Release|Any CPU.ActiveCfg = Release|Any CPU
		{09EF9525-24B5-4FBE-A197-5AB3BB0FDEF1}.Release|Any CPU.Build.0 = Release|Any CPU
	EndGlobalSection
	GlobalSection(SolutionProperties) = preSolution
		HideSolutionNode = FALSE
	EndGlobalSection
	GlobalSection(ExtensibilityGlobals) = postSolution
		SolutionGuid = {9C33B4E7-7F84-432A-B2C5-94E69A455769}
	EndGlobalSection
EndGlobal
